{
  "name": "contagionserver",
  "version": "1.0.0",
  "lockfileVersion": 1,
  "requires": true,
  "dependencies": {
    "chi-squared": {
      "version": "1.1.0",
      "resolved": "https://registry.npmjs.org/chi-squared/-/chi-squared-1.1.0.tgz",
      "integrity": "sha1-iShlz/qOCnIPkhv8nGNcGawqNG0=",
      "requires": {
        "gamma": "^1.0.0"
      }
    },
    "chi-squared-test": {
      "version": "1.1.0",
      "resolved": "https://registry.npmjs.org/chi-squared-test/-/chi-squared-test-1.1.0.tgz",
      "integrity": "sha1-fAAkDGBxpheMQlUWcP7f8+e75EI=",
      "requires": {
        "chi-squared": "^1.1.0"
      }
    },
    "gamma": {
      "version": "1.0.0",
      "resolved": "https://registry.npmjs.org/gamma/-/gamma-1.0.0.tgz",
      "integrity": "sha1-mDwck5/iPZMnAVhXEeHZpDDLdMs="
    }
  }
}
